# This file is autogenerated, do not edit; changes may be undone by the next 'dep ensure'.


[[projects]]
  branch = "master"
  name = "github.com/boltdb/bolt"
  packages = ["."]
  revision = "e9cf4fae01b5a8ff89d0ec6b32f0d9c9f79aefdd"

[[projects]]
  branch = "master"
  name = "github.com/cenkalti/backoff"
  packages = ["."]
  revision = "5d150e7eec023ce7a124856b37c68e54b4050ac7"

[[projects]]
  branch = "master"
  name = "github.com/gosuri/uilive"
  packages = ["."]
  revision = "ac356e6e42cd31fcef8e6aec13ae9ed6fe87713e"

[[projects]]
  branch = "master"
  name = "github.com/gosuri/uitable"
  packages = [".","util/strutil","util/wordwrap"]
  revision = "36ee7e946282a3fb1cfecd476ddc9b35d8847e42"

[[projects]]
  branch = "master"
  name = "github.com/jawher/mow.cli"
  packages = ["."]
  revision = "d3ffbc2f98b83e09dc8efd55ecec75eb5fd656ec"

[[projects]]
  branch = "master"
  name = "github.com/julienschmidt/httprouter"
  packages = ["."]
  revision = "6f3f3919c8781ce5c0509c83fffc887a7830c938"

[[projects]]
  branch = "master"
  name = "github.com/mattn/go-isatty"
  packages = ["."]
  revision = "fc9e8d8ef48496124e79ae0df75490096eccf6fe"

[[projects]]
  branch = "master"
  name = "github.com/mattn/go-runewidth"
  packages = ["."]
  revision = "14207d285c6c197daabb5c9793d63e7af9ab2d50"

[[projects]]
  branch = "master"
  name = "go.uber.org/atomic"
  packages = ["."]
  revision = "a85b15eff9f2092b1cf20d4fb804899dd0d5e422"

[[projects]]
  branch = "master"
  name = "go.uber.org/zap"
  packages = [".","buffer","internal/bufferpool","internal/color","internal/exit","internal/multierror","zapcore"]
  revision = "fab453050a7a08c35f31fc5fff6f2dbd962285ab"

[[projects]]
  name = "golang.org/x/net"
  packages = ["context"]
  revision = "6acef71eb69611914f7a30939ea9f6e194c78172"

[[projects]]
  branch = "master"
  name = "golang.org/x/sys"
  packages = ["unix"]
  revision = "0b25a408a50076fbbcae6b7ac0ea5fbb0b085e79"

[solve-meta]
  analyzer-name = "dep"
  analyzer-version = 1
  inputs-digest = "bf0708d086f6099d3248317b1a4adb1d154ac9f69b64aee8de88f69e7e6c79ac"
  solver-name = "gps-cdcl"
  solver-version = 1
